
Microsoft Visual Studio Solution File, Format Version 12.00
Project("{FAE04EC0-301F-11D3-BF4B-00C04F79EFBC}") = "SimpleLoops", "SimpleLoops.csproj", "{BE154F77-C6E1-436E-8256-77E3DC7B376A}"
EndProject
Global
	GlobalSection(SolutionConfigurationPlatforms) = preSolution
		Debug|Any CPU = Debug|Any CPU
		Release|Any CPU = Release|Any CPU
	EndGlobalSection
	GlobalSection(ProjectConfigurationPlatforms) = postSolution
		{BE154F77-C6E1-436E-8256-77E3DC7B376A}.Debug|Any CPU.ActiveCfg = Debug|Any CPU
		{BE154F77-C6E1-436E-8256-77E3DC7B376A}.Debug|Any CPU.Build.0 = Debug|Any CPU
		{BE154F77-C6E1-436E-8256-77E3DC7B376A}.Release|Any CPU.ActiveCfg = Release|Any CPU
		{BE154F77-C6E1-436E-8256-77E3DC7B376A}.Release|Any CPU.Build.0 = Release|Any CPU
	EndGlobalSection
EndGlobal
