
Microsoft Visual Studio Solution File, Format Version 12.00
Project("{FAE04EC0-301F-11D3-BF4B-00C04F79EFBC}") = "SimpleCalculator", "SimpleCalculator.csproj", "{ACAAB4C3-2C70-489D-B573-A715DF1A3D89}"
EndProject
Global
	GlobalSection(SolutionConfigurationPlatforms) = preSolution
		Debug|Any CPU = Debug|Any CPU
		Release|Any CPU = Release|Any CPU
	EndGlobalSection
	GlobalSection(ProjectConfigurationPlatforms) = postSolution
		{ACAAB4C3-2C70-489D-B573-A715DF1A3D89}.Debug|Any CPU.ActiveCfg = Debug|Any CPU
		{ACAAB4C3-2C70-489D-B573-A715DF1A3D89}.Debug|Any CPU.Build.0 = Debug|Any CPU
		{ACAAB4C3-2C70-489D-B573-A715DF1A3D89}.Release|Any CPU.ActiveCfg = Release|Any CPU
		{ACAAB4C3-2C70-489D-B573-A715DF1A3D89}.Release|Any CPU.Build.0 = Release|Any CPU
	EndGlobalSection
EndGlobal
